{
  "version": 4,
  "terraform_version": "1.1.3",
  "serial": 153,
  "lineage": "ee944218-ce0e-dfaa-46a3-c02ae35ddf85",
  "outputs": {
    "vault_secrets": {
      "value": "hvs.hYsU4YTToW26nQiEc9ducopp",
      "type": "string",
      "sensitive": true
    }
  },
  "resources": [
    {
      "mode": "managed",
      "type": "vault_generic_secret",
      "name": "agent",
      "provider": "provider[\"registry.terraform.io/hashicorp/vault\"]",
      "instances": [
        {
          "schema_version": 1,
          "attributes": {
            "data": {
              "key": "secrets"
            },
            "data_json": "{\"key\":\"secrets\"}",
            "delete_all_versions": false,
            "disable_read": false,
            "id": "kvv1/secret",
            "namespace": null,
            "path": "kvv1/secret"
          },
          "sensitive_attributes": [],
          "private": "eyJzY2hlbWFfdmVyc2lvbiI6IjEifQ==",
          "dependencies": [
            "vault_mount.mount"
          ]
        }
      ]
    },
    {
      "mode": "managed",
      "type": "vault_mount",
      "name": "mount",
      "provider": "provider[\"registry.terraform.io/hashicorp/vault\"]",
      "instances": [
        {
          "schema_version": 0,
          "attributes": {
            "accessor": "kv_3b3d0776",
            "audit_non_hmac_request_keys": [],
            "audit_non_hmac_response_keys": [],
            "default_lease_ttl_seconds": 0,
            "description": "",
            "external_entropy_access": false,
            "id": "kvv1",
            "local": false,
            "max_lease_ttl_seconds": 0,
            "namespace": null,
            "options": {
              "version": "1"
            },
            "path": "kvv1",
            "seal_wrap": false,
            "type": "kv"
          },
          "sensitive_attributes": [],
          "private": "bnVsbA=="
        }
      ]
    },
    {
      "mode": "managed",
      "type": "vaultoperator_init",
      "name": "unseal",
      "provider": "provider[\"registry.terraform.io/rickardgranberg/vaultoperator\"]",
      "instances": [
        {
          "schema_version": 0,
          "attributes": {
            "id": "http://127.0.0.1:8200",
            "keys": [
              "/sKqETg54ykb3u1yoT31agpGZf2ZUq+sTsob0Xh+5UfD",
              "2Y2Na9P+o7yTClLeUkHjwjMAds5psGWhYbUqtmTOgAQU",
              "D6trG1w1GvQhk6V+8UGhceyWCoViXk4jxMRHPsVqdmyn",
              "aXHNQ3uroOoC6ICqcYHrYvrTVzDYj5//eHeiU+syMBPY",
              "vepYUyRR/IoL6RdWHsK2ZR60oGjP1e5fEic+g46mdcHr"
            ],
            "keys_base64": [],
            "recovery_keys": [],
            "recovery_keys_base64": [],
            "recovery_shares": null,
            "recovery_threshold": null,
            "root_token": "hvs.hYsU4YTToW26nQiEc9ducopp",
            "secret_shares": 5,
            "secret_threshold": 3
          },
          "sensitive_attributes": [],
          "private": "bnVsbA=="
        }
      ]
    }
  ]
}
